[[package]]
name = "chapter_two"
version = "0.1.0"
dependencies = [
 "slab 0.4.0 (registry+https://github.com/rust-lang/crates.io-index)",
]

[[package]]
name = "slab"
version = "0.4.0"
source = "registry+https://github.com/rust-lang/crates.io-index"

[metadata]
"checksum slab 0.4.0 (registry+https://github.com/rust-lang/crates.io-index)" = "fdeff4cd9ecff59ec7e3744cbca73dfe5ac35c2aedb2cfba8a1c715a18912e9d"
